{
  "version": 4,
  "terraform_version": "0.12.8",
  "serial": 7,
  "lineage": "0eebb5bf-6197-d1f2-c339-6061ef09172e",
  "outputs": {},
  "resources": [
    {
      "mode": "managed",
      "type": "azurerm_kubernetes_cluster",
      "name": "aks",
      "provider": "provider.azurerm",
      "instances": [
        {
          "schema_version": 0,
          "attributes_flat": {
            "addon_profile.#": "1",
            "addon_profile.0.aci_connector_linux.#": "0",
            "addon_profile.0.http_application_routing.#": "0",
            "addon_profile.0.oms_agent.#": "0",
            "agent_pool_profile.#": "1",
            "agent_pool_profile.0.availability_zones.#": "0",
            "agent_pool_profile.0.count": "2",
            "agent_pool_profile.0.dns_prefix": "",
            "agent_pool_profile.0.enable_auto_scaling": "false",
            "agent_pool_profile.0.fqdn": "lga-dvo-aks-cd784161.hcp.eastus2.azmk8s.io",
            "agent_pool_profile.0.max_count": "0",
            "agent_pool_profile.0.max_pods": "30",
            "agent_pool_profile.0.min_count": "0",
            "agent_pool_profile.0.name": "kslildlvak1",
            "agent_pool_profile.0.node_taints.#": "0",
            "agent_pool_profile.0.os_disk_size_gb": "30",
            "agent_pool_profile.0.os_type": "Linux",
            "agent_pool_profile.0.type": "AvailabilitySet",
            "agent_pool_profile.0.vm_size": "Standard_D8_v3",
            "agent_pool_profile.0.vnet_subnet_id": "/subscriptions/0f8d7b2b-3e93-4c26-9a85-488c57fb7a94/resourceGroups/HOR-DEV-NETWORK-RG/providers/Microsoft.Network/virtualNetworks/LGA-IT-HORIZON-DEV-VNET-EAST2-10.253.0.0-16/subnets/LGA-IT-HORIZON-DEV-AKSSUBNET-EAST2",
            "api_server_authorized_ip_ranges.#": "0",
            "dns_prefix": "lga-dvo-aks",
            "enable_pod_security_policy": "false",
            "fqdn": "lga-dvo-aks-cd784161.hcp.eastus2.azmk8s.io",
            "id": "/subscriptions/0f8d7b2b-3e93-4c26-9a85-488c57fb7a94/resourcegroups/HOR-DEVOPS-AKS-RG/providers/Microsoft.ContainerService/managedClusters/LGA-DEVOPS-AKS",
            "kube_admin_config.#": "0",
            "kube_admin_config_raw": "",
            "kube_config.#": "1",
            "kube_config.0.client_certificate": "LS0tLS1CRUdJTiBDRVJUSUZJQ0FURS0tLS0tCk1JSUUvVENDQXVXZ0F3SUJBZ0lSQUpnRkpuN3JEeTFhc2xqV09xMUl0T1F3RFFZSktvWklodmNOQVFFTEJRQXcKRFRFTE1Ba0dBMVVFQXhNQ1kyRXdIaGNOTVRrd09URXlNREF5TlRJMFdoY05NakV3T1RFeE1EQXpOVEkwV2pBdwpNUmN3RlFZRFZRUUtFdzV6ZVhOMFpXMDZiV0Z6ZEdWeWN6RVZNQk1HQTFVRUF4TU1iV0Z6ZEdWeVkyeHBaVzUwCk1JSUNJakFOQmdrcWhraUc5dzBCQVFFRkFBT0NBZzhBTUlJQ0NnS0NBZ0VBNnd5b2RKK2JKRTVyQnkyazRuV1gKQ0hrbEI2UTlBZU11aEVpRlk5bXJUa3g4Y0tCU1YzRVZvb3A2UkxPTVMzSTdhU1ZRbkZHV2tOd1YxR3ZpbGRBcQpNUGRpVTdIbjVzY0xoSU1IdTdWS0hzODJrV0hvaWdJZnJTUkhHQmxTS2EvT3NRVDl0KzBmL1J1UVlDS2g3TUJzClRDL2d0VWZMcjhpYzhPVWFBZHpXU3BPRlFCTkJXMUpFWmZXTWxzYjY4KzMwZ2pGNFZlQkQ5SzNYdFhZRkd6WUsKUE42Z2xzQldFUk51Q2owamhQZldDaXVGZmhVQ0trWXJxWEhQRWRMU2x2dG0wV2hHWE8zYzQ5UTkyV2Q4QXpTRQpmcUFNcis4WUhqUlZ4Wi83WnBiUkZUVERUWGFUTUU4V2FocXBmUXM4dC9sK2tPMXBRdFRRT0RzVlJYSk13UXlzCk9hdVkwYm5SVFRJVDZFbTRVM0hha3RTbE43Z0tPcHZrKzdoYlA4aUdqOEoyOEpTNFhlWnlhSVc3bVhwZlNHdk0KalhuSmlzZE1XdTBvWTc0WnFqbUZldEQ3NGlBMG5EV3hzSG5sUHFDRUZ2N0pFRGlydzlwRXFKRWcwU1FkWURlbQoxQTZKTHNyNXZjTHV2NzViSFlXby9TRkd6MzlkSDZrM09ubGIrVktNUGpMUzdiTFg2RzVYY2pTUWoyT0dyRE9KCmFXdTRrc0JnbkJoNk5RVkNaTEpaano4cVpjVWZCMTIwVnI1Q1Qvbk1DWnFKTktZUE9HeFphRGlpN3IwMU5wYmoKU3JBNi82dUQ1TEk4aVM1Y2pIcHBlcFpidFlybFptaVRZdjZsYUtCRVRLOUlrRDMxcTJTbGhrcHh2bVRGYU1ZWApzL1RaQzdjTHZ3VmU5dEt4cXdYZVJOY0NBd0VBQWFNMU1ETXdEZ1lEVlIwUEFRSC9CQVFEQWdXZ01CTUdBMVVkCkpRUU1NQW9HQ0NzR0FRVUZCd01DTUF3R0ExVWRFd0VCL3dRQ01BQXdEUVlKS29aSWh2Y05BUUVMQlFBRGdnSUIKQURNUktCOG41ZEp5RzhBQjYvbml3V2Nkenh4MHZSWlRGaEwyMEdlWGhYQjR1ejFzUjZlODE1S0NkVmI4NGRBRQp2Z3I0MDZwWklDTUZoVEY4OXdyK3NSaG12eEJMQ1owSU9uWHBYYXRzbnptNkxONmQxUWJqMFlXTnFXaU8wdnhzCmNWR2M1ck4yWVNxSGhaODJTNlVDbDJCRFp5eDZqbVVvN1BsZkxnbmduQTlrR3RrSE52cnhBcGlMZWhZYy9MY0sKaFpHS2VUOFR3RFcyRDNqMUIvd3BpM29wNXdmUmUvTmtjNGxJM2IxNHlTRUFGbjQ4bFhmZTlEelhLeEE0ck8yOQpyUTV6T1RwTmlRRCtQeTVZSDV5cm9qd05seDFubGFXY3ZGU3RUWW5VSmRScFdsazhoYkg1ZTM1WllZVllYUXp3CmM4MDAxLy9CbEszT21LeGFtc2srZEo4dVZtM3U3VytCY1JXS1VLUDcyL3ZZSGxTMTdjeTFBU1BralVHemVWQWMKNjZiU3RCL1UrT3NzMzFscmIrNzR6SFNOaGNzWEZ0YjIyV3ZPNlh0M0JpNUttUURvK1dVMTFIdzdUY3cyVnl0WgpqbmFYeFZwczZQSVNGNGRoaTAyL2VKaVM0eW9NZG5ZNEdRNVMyR1VTREpUMlY0ZSt3K3hMK2NKbDBKaVBJS3dlClB0cGE1SEMvcWF0aVpwTE1yUFhqendxWG9Uck1URUdwWWxDV0VzYmdXMHJwYXc2UkdxTHY1WW5QZ05qTnpaRTkKZ2Y2ME5sM2lrWTRvNjRpYmpRbjVjUmJ6V0RjQ2x6aUpiRmR2RDNyVzMxSnNjZk13ZG1GMXRYTU1VRW9NSFZPMQp0djZoWWkxMGR1Q1Z0WnF4eXBjMkpYNlE1cU42S29LYnlWRk16NnF1WFE2ZQotLS0tLUVORCBDRVJUSUZJQ0FURS0tLS0tCg==",
            "kube_config.0.client_key": "LS0tLS1CRUdJTiBSU0EgUFJJVkFURSBLRVktLS0tLQpNSUlKS2dJQkFBS0NBZ0VBNnd5b2RKK2JKRTVyQnkyazRuV1hDSGtsQjZROUFlTXVoRWlGWTltclRreDhjS0JTClYzRVZvb3A2UkxPTVMzSTdhU1ZRbkZHV2tOd1YxR3ZpbGRBcU1QZGlVN0huNXNjTGhJTUh1N1ZLSHM4MmtXSG8KaWdJZnJTUkhHQmxTS2EvT3NRVDl0KzBmL1J1UVlDS2g3TUJzVEMvZ3RVZkxyOGljOE9VYUFkeldTcE9GUUJOQgpXMUpFWmZXTWxzYjY4KzMwZ2pGNFZlQkQ5SzNYdFhZRkd6WUtQTjZnbHNCV0VSTnVDajBqaFBmV0NpdUZmaFVDCktrWXJxWEhQRWRMU2x2dG0wV2hHWE8zYzQ5UTkyV2Q4QXpTRWZxQU1yKzhZSGpSVnhaLzdacGJSRlRURFRYYVQKTUU4V2FocXBmUXM4dC9sK2tPMXBRdFRRT0RzVlJYSk13UXlzT2F1WTBiblJUVElUNkVtNFUzSGFrdFNsTjdnSwpPcHZrKzdoYlA4aUdqOEoyOEpTNFhlWnlhSVc3bVhwZlNHdk1qWG5KaXNkTVd1MG9ZNzRacWptRmV0RDc0aUEwCm5EV3hzSG5sUHFDRUZ2N0pFRGlydzlwRXFKRWcwU1FkWURlbTFBNkpMc3I1dmNMdXY3NWJIWVdvL1NGR3ozOWQKSDZrM09ubGIrVktNUGpMUzdiTFg2RzVYY2pTUWoyT0dyRE9KYVd1NGtzQmduQmg2TlFWQ1pMSlpqejhxWmNVZgpCMTIwVnI1Q1Qvbk1DWnFKTktZUE9HeFphRGlpN3IwMU5wYmpTckE2LzZ1RDVMSThpUzVjakhwcGVwWmJ0WXJsClptaVRZdjZsYUtCRVRLOUlrRDMxcTJTbGhrcHh2bVRGYU1ZWHMvVFpDN2NMdndWZTl0S3hxd1hlUk5jQ0F3RUEKQVFLQ0FnQXlhMUt2UVpWYjRsNWUrZEdHcWthdGtKNzYxcVluZzMzMDdrRit1N0JkYVZiQUtnTy9zZ2c4QjR4Vwp0RlVCMGcwZ2J0cXR6V3FJeEUwQ2Rlbnl6T1pmL3BEZTl5aVJmbHpnSGVOSXhvaVJ0MDB6UGxkTlUwdE1McDM1CmMyVUdnQ25NR3cvNXBpbllkMU11Ni83ajlCckc5UFkwcktQcW54UGJNS20xZ0pPUEI3bnJsclhNU3dkVS82a2EKcHJBcUp2N3Q5b0tqbVNtNmtKZlcydXdaZkN3U0JvZFlEd1huUDgyNDhJaHYrMkcwYU1XSDJDWFF2NkNhQmttdQp2eFJoUXFnNWZ5Nm92SFZIZ2IyS3B3SVpCZWp0NkpNUUlpK0FPeVd5OExCU3YwTTJVMDBaanJmZ0F2Y0I1NW8zCnNuTmgyMmprMmFoY3A1M0traEhzQmFxbE5ueXlzUEFPWTBJaDZ6K1VPdXpxTkVXSHhuRSs4VFBsbWxMWFNPU0UKRGN0K2E5VEZia05jMS9JOTd6OWd4L1BpU01vR09KK1dhZnN6R3NEelJoeXhyVVRSOWlvODUxTjZEKzBQcE0ybwp2NUM1OGVUY0FzWm9vcnpNVGlBdHNnWlJOY2VraTRNWkFEUU9BOGJZeGt3a0xIME9PWW9pVGkraVIzSWdwcmo5CkF1SlVBNitWblpmQzdtQ3NCNENiOTJxUUx0Q1B2UzE3WE1xNzRwR2U4dGtmOGJYb25wMFU5M0sxaXhDQ1NGMHIKRFlMbGNkcGFRNHdNODVpUkxYK0VpUm5XSjhOSE1kVWRCeFo4NkMwYXlIT3JBTDExUE96dDFJeUdjNzcyMjZ6YwoxQ0Q1cGIrelpva1k3eDdZd01BdkNZdDhiNGFIMC9taVVtMlYwTVhKaWZwRHNIRzAwUUtDQVFFQTd1cGxvZTQvCkM2bnNraEorZDcycXUrV1BNNjl2NGdPYmh3TXBhWm1KeHhFZHJ4NnFUeC9SSHZxQ2xGUDA0TEJsc1ZXMlZZM2wKR01rbGp1RlVEYitwclFIUTFjZUF2TUlsczM1NEVROTRZQzFuRXFqVVNuTWNCZHppMkw1L1RNSmxGWEhnRitWSAo3VHZ6dzRvMkVsMjlkS3E3YnFMVVhBSFIxRW5zVC8rVnBQSzh0QmZpR1ZYNmVraWNmeTRuN3ZIMWJmMHhzdFQ5Cm11MGlKai9NeWF4dmdEUW15dytwTVJZaTd3d1g4WmNhK2pMZUtWNmVBZzlrZXpNSVNwVmRXQWhtT0VPc05GTHQKUXMrT1hEOHpFZ2hIYW81N0dKYm1RM2xLZlZkOXkzVG8ydjlWdHJrRVlwVU5WcEx0N3NsSDRLTTRQdlM5YTU4bQpoS09INVpLWmQvMHhkUUtDQVFFQSs5dDhtck0yc29od3VqWjVTTzZLM0U3eXFUdS9OcE9FQ1JFTTBxMjRkSGx1CmQzTkIrTHBSdlBsbEpHSlVxUUZ3MUxGNGtDbUVVMmZwRmpNaDN5dllUQ1VpTXFMOEJCUUJ3MjE4TkNpbnYvUmkKQnB2OFV4UlRSaXF4MVNZNDN4T1htT2t3amxsS2lLYzl6ejJKdXBVK0JrVkJMei9OcXQvMjQxSGRUU2FYZVFPYQoyU09XeGYxTzd2aE9obzJnQ0I2MWV1TWFwYUxGTG9jSlpLd1VobGZ1S3didkszUEM0WmM0dGRZd1F4bUd4eGVuCjdOd0I1SFBQc1ovSzV3M2FLZEIxY0VhWkQ4UUlaU2VuYlFERTRKaHpRNmR5U2Vqbnl2akNpbnpJQ0JnRVA2RVgKS055NjltbnNjeEg5TUxRV3loWHBMblFnQ2haaVJDSzNYdm0rVzFhbm13S0NBUUVBbWFXdXRNUUdVWmIzS0QyeQpqWWt4bXVNWUJESklMcjhKTDN2T0R6YUp6N2JuTXk3eWNpNVJDNjRwZWdEQVZCdTlXcDEzeEcrYnJTUDIvbnRVCjFmNnp2U3FVeGxjbUtMNW5CcGRIMmhqcjNsWjBtaUJ2WG0zRzBOSnNKTjNsK2xSdU02dG5aWmF6ZWhMN1FuN0oKSldpWnBjVURBelMrZzJrOEsxMWJGMXVVUGw5SkVqemwwRXRsNld4M0VLZDdVUVRVUk9iM0pqNHAxbys0VFlicwpTYXFXam9sN2hVM09EbDVoR3dEWkNTcVhVOTZRMTJRZEU5QVlXODdHLzBndG5xYlFMbEQvRnl0Wm9JVGcxZHhqCkdLNndWd3ZJaUZqTFB3dHE1MDd6L0h0MElScmlZYjk4M1hWai9aQkNhaldSL3hxWTJvd0VvWWpaZWFXOWlOdU4KelFmTTNRS0NBUUVBaWEyNGRoRVdDNDdPb056NmZFWDZudWlCZXNYd2gzTW9zSlFqZ0YvNi82RUtKRDViaUE3QwpkQjJaanNRNko1RmtEc0ZkZU9GWk53Y013bGY5WWpSanIyeDFQMTBkaTFVc2lacW1WUlVNYnNDM2ZZbHo3QzZtClB5dER2NU4vYjJNVWNrQzNqSGwvWnlpVmYxN1NsYTdVRXpWMHB0R29Lb3I0T2RnY3Mvb3V2N2FheGF6UTFUYmUKR1lDZjNLbzdHM1UrSEFsZUhjSFhMTklnN21tclpxMVd3eXF0UUFHdVBRZ2Z0amQ2ZHBQVHU2NVEzQWlBK0ZQZQo2K2pBVUlLZ0NrK3NnMDMwaWt2Tmt3NlVWZUFmdis5V3cxc2IvUTlXOXZ2NXpSN2RjcDgrWTFJNmlObnhVcGNnCjdONmVuQ3MyY2c1OFJDcXpBUkN2Y3pQUExobzBWMVlObFFLQ0FRRUFoY2xxOGFFbjlBcWtqS29mdzRlcXNoZFQKY3dNRDh5dzFyczlCWXlaaW1ObTdIUDdmZU4rMmlRUkhrcGJsQTJGVVJEaHh2K2dCb2c1d25kZS9keFRqb0RHQQp1SWJrNG1tY0lvbDB6Snh3UDR2dXZuU2xPZDRDV3ZJQzZidmEvV2N1UzN6STBuL0hxWmFPTk16bUZrMW5CQUtOCmV5NUZzNFBoZmFRalRkYjRQTVp3NDQ3Ym9tVTdmbCtHMytQcjJ4azJiN3ZIalVpaG5HNXNVNFVXWlhVMHFiU3kKV050T1VBcXM1c3dMeHhFYkpxejd5U3IrUGI3TEJCZU9FQmU2Zmk4YXVCRHA3T2tnU25BT1ZnYlFuNnhENUtiMgpqSHh4LzMzbEJwZmxrRDZyMWZMeXFsbnJ5ZEIxZWM0MHRNZ0ppaUlyRHluN1FnOFVzZEFHN2tBZUZsOXBudz09Ci0tLS0tRU5EIFJTQSBQUklWQVRFIEtFWS0tLS0tCg==",
            "kube_config.0.cluster_ca_certificate": "LS0tLS1CRUdJTiBDRVJUSUZJQ0FURS0tLS0tCk1JSUV4ekNDQXErZ0F3SUJBZ0lRVmxPaU1mc1dnSnc4bWp3QWdoczFRekFOQmdrcWhraUc5dzBCQVFzRkFEQU4KTVFzd0NRWURWUVFERXdKallUQWVGdzB4T1RBNU1USXdNREkxTWpSYUZ3MDBPVEE1TURRd01ETTFNalJhTUEweApDekFKQmdOVkJBTVRBbU5oTUlJQ0lqQU5CZ2txaGtpRzl3MEJBUUVGQUFPQ0FnOEFNSUlDQ2dLQ0FnRUF1LzhqCktMaDBob3NmdnRxWXhsOGRuZXZHK3pMMVpYNmt2UmRMd1VaVzRPMkJwR0hmUmZBOVFOdVdZeGsvZnpmUGpsSjEKSFNKT2NNc1g1OGdrTEMvaHdJRWljOGtTTzhpaGQwaXlmakZIL3luT2NjSWt2QlVmSWFpaU1LRWdZcHM3UUF0ZgpyTks3OGxyZEI1cDdzS3BqdGhOYUd3YWlyeWQ3bnZ3ZDNBcG8yNHlYeE1kbE5EU3JyS3lVN3R0VDIrK0pSWVptCnU4akI0WnRjRnkrczIvVmYybERlbGQzQVIwRlZuWDNySGRPancwS1hoRi9qRG1QVERKZzdrZmJ2NXEvVzdycEIKQmFJN1hsQTBZaWhKM2V6WXpsTUtqdUxJYSsxTmVpaHhNak1ISnRURTB5S2Z6WHJUVXJwelIveUZBZC84NzFxSQoxSGNYMlA2V2xGSDdsMXNQUDFrVjNUdmNMdUd1VnBBaFpxdG5PbkJLbmQvQjhrSHlhSGkxazkrNFBCQ1R3bUpxCjhjMjhxdFIxSzF4YmQ1R05ESVF5TzMzL2x4Skx6dTZiTlRYSXMyWElKS3EwZ0RwbUZvUGVBUVJjME54K3lGT3oKbkVBa1E5VFIwaSt0dHdmTExzTDVOZUZlcld4OEcrQnlMaTV0cFl0YXE3TW1lWmNtUVJUM09Nc2FET1d0MUlDbgozTXZ1NXVhT0dpSGdYVTd5VzM0aEVkK0xYTTlKM0x2dlFsVU14U1N6bDFOT1YvdCtMRXVyWUJlM3dBTHYzcHhICjY2QXdlcWpSZm5USDBMOURSUjloMVF4UGN2b0FDQWtDdHFEWFZlK1NjQ091QmpRTkM1K0MyZVU0dE5hOHNyZS8KUmpnczNra1JSN0oyT3R3aDBaUzVZVkgwMFZ2WW5VdDBEMmRvMEgwQ0F3RUFBYU1qTUNFd0RnWURWUjBQQVFILwpCQVFEQWdLa01BOEdBMVVkRXdFQi93UUZNQU1CQWY4d0RRWUpLb1pJaHZjTkFRRUxCUUFEZ2dJQkFBYVRLaGUvCkhyRStjeisxc1ZybmZGWiszKzdOem5WVXk5dEVVQ0pCUlhkY1JUbFZXL2V4MDJuT1o4WkNrc0xmeVNWNm5xZmcKei84R1RSMFk3OUJMeDJXM3NINzYvQkxtTUxBMmhoV2EzTFdBWkVYcHZSSWlxcVBZMzBhenNES24rWWwxSWRJdwpFb21uWnBQUVJBSjB5QnY2dG5uTG5VemFoSTFEclFSdlkxRktXeGtpbEMzK1IvcDEyVUVUcU9VT2pxRGxITWlICmg0T2Q5Wit0QVNycFlhMUNCY1dnc3JGUUtFdmRUWmM2QllXa2dxcGg2Wkw1dit4UlVYSlhEalRBR1lhaWdBM2sKdEkxTU9Hei9saEsvR2JacVNJQnU2U3dVZTFNc2hadi8zdjBrdFl4ZWFMdGJLSTU2VGhaQ3JRdnpDaHFrK1plVAowUkF1MWxKeGpRVmVTYlhuWEtmbHp2ZEFhNE5iM0djK2RucGJ1S0kwZTVIdE1WdEFiVW8xeXdXREZPQkk4RmdrCnUwLzlLcUdLVEFkcUkxbFExbXhuN3o2M3N4TlV1SnQ2ckh1Smx2b2tsc3EybDRnRVRjcW90c2EvVU9tU1RaYUUKNlNjclNaTnBXeG9rcVUrMVRjd3NCUW4zZEp5QTMxa3dxS3R3SDFTaitFVG1UV3AvNDVzNFd2MXE5SXZMMC9tdQpDVlJwYWFlTFhMZDBQaERjQzRMYjlwaERsVkFzd0NkQ20xazFtQ2pIVGY1UUpzc1FKdjl4NEhvb3E5ODFiYzloCjc0V1VOTUtSMUhvVjR2VzFSN2kydFVoSW1MN3hKZmcrUThEMGJhWHVWMXErdno3TTNqMG9FYzZFbHBJRjNuTzYKQ2pweERRZDkrU0dVeDdlZHZXSnNvRzdTWHp5NGV1TlYraWN1Ci0tLS0tRU5EIENFUlRJRklDQVRFLS0tLS0K",
            "kube_config.0.host": "https://lga-dvo-aks-cd784161.hcp.eastus2.azmk8s.io:443",
            "kube_config.0.password": "IJ25qeFtm1K2hDGvRmm2YAeKfv5W22hUhas97yJXV2K7TW7KQUA33f1XO8OSYHK4AFxcCdJiOXt3TWa7fXvrTMrJArFgoR28VOXrKgEOrS5IuDbX6XvG5ClAU9Y92GEc",
            "kube_config.0.username": "clusterUser_HOR-DEVOPS-AKS-RG_LGA-DEVOPS-AKS",
            "kube_config_raw": "apiVersion: v1\nclusters:\n- cluster:\n    certificate-authority-data: LS0tLS1CRUdJTiBDRVJUSUZJQ0FURS0tLS0tCk1JSUV4ekNDQXErZ0F3SUJBZ0lRVmxPaU1mc1dnSnc4bWp3QWdoczFRekFOQmdrcWhraUc5dzBCQVFzRkFEQU4KTVFzd0NRWURWUVFERXdKallUQWVGdzB4T1RBNU1USXdNREkxTWpSYUZ3MDBPVEE1TURRd01ETTFNalJhTUEweApDekFKQmdOVkJBTVRBbU5oTUlJQ0lqQU5CZ2txaGtpRzl3MEJBUUVGQUFPQ0FnOEFNSUlDQ2dLQ0FnRUF1LzhqCktMaDBob3NmdnRxWXhsOGRuZXZHK3pMMVpYNmt2UmRMd1VaVzRPMkJwR0hmUmZBOVFOdVdZeGsvZnpmUGpsSjEKSFNKT2NNc1g1OGdrTEMvaHdJRWljOGtTTzhpaGQwaXlmakZIL3luT2NjSWt2QlVmSWFpaU1LRWdZcHM3UUF0ZgpyTks3OGxyZEI1cDdzS3BqdGhOYUd3YWlyeWQ3bnZ3ZDNBcG8yNHlYeE1kbE5EU3JyS3lVN3R0VDIrK0pSWVptCnU4akI0WnRjRnkrczIvVmYybERlbGQzQVIwRlZuWDNySGRPancwS1hoRi9qRG1QVERKZzdrZmJ2NXEvVzdycEIKQmFJN1hsQTBZaWhKM2V6WXpsTUtqdUxJYSsxTmVpaHhNak1ISnRURTB5S2Z6WHJUVXJwelIveUZBZC84NzFxSQoxSGNYMlA2V2xGSDdsMXNQUDFrVjNUdmNMdUd1VnBBaFpxdG5PbkJLbmQvQjhrSHlhSGkxazkrNFBCQ1R3bUpxCjhjMjhxdFIxSzF4YmQ1R05ESVF5TzMzL2x4Skx6dTZiTlRYSXMyWElKS3EwZ0RwbUZvUGVBUVJjME54K3lGT3oKbkVBa1E5VFIwaSt0dHdmTExzTDVOZUZlcld4OEcrQnlMaTV0cFl0YXE3TW1lWmNtUVJUM09Nc2FET1d0MUlDbgozTXZ1NXVhT0dpSGdYVTd5VzM0aEVkK0xYTTlKM0x2dlFsVU14U1N6bDFOT1YvdCtMRXVyWUJlM3dBTHYzcHhICjY2QXdlcWpSZm5USDBMOURSUjloMVF4UGN2b0FDQWtDdHFEWFZlK1NjQ091QmpRTkM1K0MyZVU0dE5hOHNyZS8KUmpnczNra1JSN0oyT3R3aDBaUzVZVkgwMFZ2WW5VdDBEMmRvMEgwQ0F3RUFBYU1qTUNFd0RnWURWUjBQQVFILwpCQVFEQWdLa01BOEdBMVVkRXdFQi93UUZNQU1CQWY4d0RRWUpLb1pJaHZjTkFRRUxCUUFEZ2dJQkFBYVRLaGUvCkhyRStjeisxc1ZybmZGWiszKzdOem5WVXk5dEVVQ0pCUlhkY1JUbFZXL2V4MDJuT1o4WkNrc0xmeVNWNm5xZmcKei84R1RSMFk3OUJMeDJXM3NINzYvQkxtTUxBMmhoV2EzTFdBWkVYcHZSSWlxcVBZMzBhenNES24rWWwxSWRJdwpFb21uWnBQUVJBSjB5QnY2dG5uTG5VemFoSTFEclFSdlkxRktXeGtpbEMzK1IvcDEyVUVUcU9VT2pxRGxITWlICmg0T2Q5Wit0QVNycFlhMUNCY1dnc3JGUUtFdmRUWmM2QllXa2dxcGg2Wkw1dit4UlVYSlhEalRBR1lhaWdBM2sKdEkxTU9Hei9saEsvR2JacVNJQnU2U3dVZTFNc2hadi8zdjBrdFl4ZWFMdGJLSTU2VGhaQ3JRdnpDaHFrK1plVAowUkF1MWxKeGpRVmVTYlhuWEtmbHp2ZEFhNE5iM0djK2RucGJ1S0kwZTVIdE1WdEFiVW8xeXdXREZPQkk4RmdrCnUwLzlLcUdLVEFkcUkxbFExbXhuN3o2M3N4TlV1SnQ2ckh1Smx2b2tsc3EybDRnRVRjcW90c2EvVU9tU1RaYUUKNlNjclNaTnBXeG9rcVUrMVRjd3NCUW4zZEp5QTMxa3dxS3R3SDFTaitFVG1UV3AvNDVzNFd2MXE5SXZMMC9tdQpDVlJwYWFlTFhMZDBQaERjQzRMYjlwaERsVkFzd0NkQ20xazFtQ2pIVGY1UUpzc1FKdjl4NEhvb3E5ODFiYzloCjc0V1VOTUtSMUhvVjR2VzFSN2kydFVoSW1MN3hKZmcrUThEMGJhWHVWMXErdno3TTNqMG9FYzZFbHBJRjNuTzYKQ2pweERRZDkrU0dVeDdlZHZXSnNvRzdTWHp5NGV1TlYraWN1Ci0tLS0tRU5EIENFUlRJRklDQVRFLS0tLS0K\n    server: https://lga-dvo-aks-cd784161.hcp.eastus2.azmk8s.io:443\n  name: LGA-DEVOPS-AKS\ncontexts:\n- context:\n    cluster: LGA-DEVOPS-AKS\n    user: clusterUser_HOR-DEVOPS-AKS-RG_LGA-DEVOPS-AKS\n  name: LGA-DEVOPS-AKS\ncurrent-context: LGA-DEVOPS-AKS\nkind: Config\npreferences: {}\nusers:\n- name: clusterUser_HOR-DEVOPS-AKS-RG_LGA-DEVOPS-AKS\n  user:\n    client-certificate-data: LS0tLS1CRUdJTiBDRVJUSUZJQ0FURS0tLS0tCk1JSUUvVENDQXVXZ0F3SUJBZ0lSQUpnRkpuN3JEeTFhc2xqV09xMUl0T1F3RFFZSktvWklodmNOQVFFTEJRQXcKRFRFTE1Ba0dBMVVFQXhNQ1kyRXdIaGNOTVRrd09URXlNREF5TlRJMFdoY05NakV3T1RFeE1EQXpOVEkwV2pBdwpNUmN3RlFZRFZRUUtFdzV6ZVhOMFpXMDZiV0Z6ZEdWeWN6RVZNQk1HQTFVRUF4TU1iV0Z6ZEdWeVkyeHBaVzUwCk1JSUNJakFOQmdrcWhraUc5dzBCQVFFRkFBT0NBZzhBTUlJQ0NnS0NBZ0VBNnd5b2RKK2JKRTVyQnkyazRuV1gKQ0hrbEI2UTlBZU11aEVpRlk5bXJUa3g4Y0tCU1YzRVZvb3A2UkxPTVMzSTdhU1ZRbkZHV2tOd1YxR3ZpbGRBcQpNUGRpVTdIbjVzY0xoSU1IdTdWS0hzODJrV0hvaWdJZnJTUkhHQmxTS2EvT3NRVDl0KzBmL1J1UVlDS2g3TUJzClRDL2d0VWZMcjhpYzhPVWFBZHpXU3BPRlFCTkJXMUpFWmZXTWxzYjY4KzMwZ2pGNFZlQkQ5SzNYdFhZRkd6WUsKUE42Z2xzQldFUk51Q2owamhQZldDaXVGZmhVQ0trWXJxWEhQRWRMU2x2dG0wV2hHWE8zYzQ5UTkyV2Q4QXpTRQpmcUFNcis4WUhqUlZ4Wi83WnBiUkZUVERUWGFUTUU4V2FocXBmUXM4dC9sK2tPMXBRdFRRT0RzVlJYSk13UXlzCk9hdVkwYm5SVFRJVDZFbTRVM0hha3RTbE43Z0tPcHZrKzdoYlA4aUdqOEoyOEpTNFhlWnlhSVc3bVhwZlNHdk0KalhuSmlzZE1XdTBvWTc0WnFqbUZldEQ3NGlBMG5EV3hzSG5sUHFDRUZ2N0pFRGlydzlwRXFKRWcwU1FkWURlbQoxQTZKTHNyNXZjTHV2NzViSFlXby9TRkd6MzlkSDZrM09ubGIrVktNUGpMUzdiTFg2RzVYY2pTUWoyT0dyRE9KCmFXdTRrc0JnbkJoNk5RVkNaTEpaano4cVpjVWZCMTIwVnI1Q1Qvbk1DWnFKTktZUE9HeFphRGlpN3IwMU5wYmoKU3JBNi82dUQ1TEk4aVM1Y2pIcHBlcFpidFlybFptaVRZdjZsYUtCRVRLOUlrRDMxcTJTbGhrcHh2bVRGYU1ZWApzL1RaQzdjTHZ3VmU5dEt4cXdYZVJOY0NBd0VBQWFNMU1ETXdEZ1lEVlIwUEFRSC9CQVFEQWdXZ01CTUdBMVVkCkpRUU1NQW9HQ0NzR0FRVUZCd01DTUF3R0ExVWRFd0VCL3dRQ01BQXdEUVlKS29aSWh2Y05BUUVMQlFBRGdnSUIKQURNUktCOG41ZEp5RzhBQjYvbml3V2Nkenh4MHZSWlRGaEwyMEdlWGhYQjR1ejFzUjZlODE1S0NkVmI4NGRBRQp2Z3I0MDZwWklDTUZoVEY4OXdyK3NSaG12eEJMQ1owSU9uWHBYYXRzbnptNkxONmQxUWJqMFlXTnFXaU8wdnhzCmNWR2M1ck4yWVNxSGhaODJTNlVDbDJCRFp5eDZqbVVvN1BsZkxnbmduQTlrR3RrSE52cnhBcGlMZWhZYy9MY0sKaFpHS2VUOFR3RFcyRDNqMUIvd3BpM29wNXdmUmUvTmtjNGxJM2IxNHlTRUFGbjQ4bFhmZTlEelhLeEE0ck8yOQpyUTV6T1RwTmlRRCtQeTVZSDV5cm9qd05seDFubGFXY3ZGU3RUWW5VSmRScFdsazhoYkg1ZTM1WllZVllYUXp3CmM4MDAxLy9CbEszT21LeGFtc2srZEo4dVZtM3U3VytCY1JXS1VLUDcyL3ZZSGxTMTdjeTFBU1BralVHemVWQWMKNjZiU3RCL1UrT3NzMzFscmIrNzR6SFNOaGNzWEZ0YjIyV3ZPNlh0M0JpNUttUURvK1dVMTFIdzdUY3cyVnl0WgpqbmFYeFZwczZQSVNGNGRoaTAyL2VKaVM0eW9NZG5ZNEdRNVMyR1VTREpUMlY0ZSt3K3hMK2NKbDBKaVBJS3dlClB0cGE1SEMvcWF0aVpwTE1yUFhqendxWG9Uck1URUdwWWxDV0VzYmdXMHJwYXc2UkdxTHY1WW5QZ05qTnpaRTkKZ2Y2ME5sM2lrWTRvNjRpYmpRbjVjUmJ6V0RjQ2x6aUpiRmR2RDNyVzMxSnNjZk13ZG1GMXRYTU1VRW9NSFZPMQp0djZoWWkxMGR1Q1Z0WnF4eXBjMkpYNlE1cU42S29LYnlWRk16NnF1WFE2ZQotLS0tLUVORCBDRVJUSUZJQ0FURS0tLS0tCg==\n    client-key-data: LS0tLS1CRUdJTiBSU0EgUFJJVkFURSBLRVktLS0tLQpNSUlKS2dJQkFBS0NBZ0VBNnd5b2RKK2JKRTVyQnkyazRuV1hDSGtsQjZROUFlTXVoRWlGWTltclRreDhjS0JTClYzRVZvb3A2UkxPTVMzSTdhU1ZRbkZHV2tOd1YxR3ZpbGRBcU1QZGlVN0huNXNjTGhJTUh1N1ZLSHM4MmtXSG8KaWdJZnJTUkhHQmxTS2EvT3NRVDl0KzBmL1J1UVlDS2g3TUJzVEMvZ3RVZkxyOGljOE9VYUFkeldTcE9GUUJOQgpXMUpFWmZXTWxzYjY4KzMwZ2pGNFZlQkQ5SzNYdFhZRkd6WUtQTjZnbHNCV0VSTnVDajBqaFBmV0NpdUZmaFVDCktrWXJxWEhQRWRMU2x2dG0wV2hHWE8zYzQ5UTkyV2Q4QXpTRWZxQU1yKzhZSGpSVnhaLzdacGJSRlRURFRYYVQKTUU4V2FocXBmUXM4dC9sK2tPMXBRdFRRT0RzVlJYSk13UXlzT2F1WTBiblJUVElUNkVtNFUzSGFrdFNsTjdnSwpPcHZrKzdoYlA4aUdqOEoyOEpTNFhlWnlhSVc3bVhwZlNHdk1qWG5KaXNkTVd1MG9ZNzRacWptRmV0RDc0aUEwCm5EV3hzSG5sUHFDRUZ2N0pFRGlydzlwRXFKRWcwU1FkWURlbTFBNkpMc3I1dmNMdXY3NWJIWVdvL1NGR3ozOWQKSDZrM09ubGIrVktNUGpMUzdiTFg2RzVYY2pTUWoyT0dyRE9KYVd1NGtzQmduQmg2TlFWQ1pMSlpqejhxWmNVZgpCMTIwVnI1Q1Qvbk1DWnFKTktZUE9HeFphRGlpN3IwMU5wYmpTckE2LzZ1RDVMSThpUzVjakhwcGVwWmJ0WXJsClptaVRZdjZsYUtCRVRLOUlrRDMxcTJTbGhrcHh2bVRGYU1ZWHMvVFpDN2NMdndWZTl0S3hxd1hlUk5jQ0F3RUEKQVFLQ0FnQXlhMUt2UVpWYjRsNWUrZEdHcWthdGtKNzYxcVluZzMzMDdrRit1N0JkYVZiQUtnTy9zZ2c4QjR4Vwp0RlVCMGcwZ2J0cXR6V3FJeEUwQ2Rlbnl6T1pmL3BEZTl5aVJmbHpnSGVOSXhvaVJ0MDB6UGxkTlUwdE1McDM1CmMyVUdnQ25NR3cvNXBpbllkMU11Ni83ajlCckc5UFkwcktQcW54UGJNS20xZ0pPUEI3bnJsclhNU3dkVS82a2EKcHJBcUp2N3Q5b0tqbVNtNmtKZlcydXdaZkN3U0JvZFlEd1huUDgyNDhJaHYrMkcwYU1XSDJDWFF2NkNhQmttdQp2eFJoUXFnNWZ5Nm92SFZIZ2IyS3B3SVpCZWp0NkpNUUlpK0FPeVd5OExCU3YwTTJVMDBaanJmZ0F2Y0I1NW8zCnNuTmgyMmprMmFoY3A1M0traEhzQmFxbE5ueXlzUEFPWTBJaDZ6K1VPdXpxTkVXSHhuRSs4VFBsbWxMWFNPU0UKRGN0K2E5VEZia05jMS9JOTd6OWd4L1BpU01vR09KK1dhZnN6R3NEelJoeXhyVVRSOWlvODUxTjZEKzBQcE0ybwp2NUM1OGVUY0FzWm9vcnpNVGlBdHNnWlJOY2VraTRNWkFEUU9BOGJZeGt3a0xIME9PWW9pVGkraVIzSWdwcmo5CkF1SlVBNitWblpmQzdtQ3NCNENiOTJxUUx0Q1B2UzE3WE1xNzRwR2U4dGtmOGJYb25wMFU5M0sxaXhDQ1NGMHIKRFlMbGNkcGFRNHdNODVpUkxYK0VpUm5XSjhOSE1kVWRCeFo4NkMwYXlIT3JBTDExUE96dDFJeUdjNzcyMjZ6YwoxQ0Q1cGIrelpva1k3eDdZd01BdkNZdDhiNGFIMC9taVVtMlYwTVhKaWZwRHNIRzAwUUtDQVFFQTd1cGxvZTQvCkM2bnNraEorZDcycXUrV1BNNjl2NGdPYmh3TXBhWm1KeHhFZHJ4NnFUeC9SSHZxQ2xGUDA0TEJsc1ZXMlZZM2wKR01rbGp1RlVEYitwclFIUTFjZUF2TUlsczM1NEVROTRZQzFuRXFqVVNuTWNCZHppMkw1L1RNSmxGWEhnRitWSAo3VHZ6dzRvMkVsMjlkS3E3YnFMVVhBSFIxRW5zVC8rVnBQSzh0QmZpR1ZYNmVraWNmeTRuN3ZIMWJmMHhzdFQ5Cm11MGlKai9NeWF4dmdEUW15dytwTVJZaTd3d1g4WmNhK2pMZUtWNmVBZzlrZXpNSVNwVmRXQWhtT0VPc05GTHQKUXMrT1hEOHpFZ2hIYW81N0dKYm1RM2xLZlZkOXkzVG8ydjlWdHJrRVlwVU5WcEx0N3NsSDRLTTRQdlM5YTU4bQpoS09INVpLWmQvMHhkUUtDQVFFQSs5dDhtck0yc29od3VqWjVTTzZLM0U3eXFUdS9OcE9FQ1JFTTBxMjRkSGx1CmQzTkIrTHBSdlBsbEpHSlVxUUZ3MUxGNGtDbUVVMmZwRmpNaDN5dllUQ1VpTXFMOEJCUUJ3MjE4TkNpbnYvUmkKQnB2OFV4UlRSaXF4MVNZNDN4T1htT2t3amxsS2lLYzl6ejJKdXBVK0JrVkJMei9OcXQvMjQxSGRUU2FYZVFPYQoyU09XeGYxTzd2aE9obzJnQ0I2MWV1TWFwYUxGTG9jSlpLd1VobGZ1S3didkszUEM0WmM0dGRZd1F4bUd4eGVuCjdOd0I1SFBQc1ovSzV3M2FLZEIxY0VhWkQ4UUlaU2VuYlFERTRKaHpRNmR5U2Vqbnl2akNpbnpJQ0JnRVA2RVgKS055NjltbnNjeEg5TUxRV3loWHBMblFnQ2haaVJDSzNYdm0rVzFhbm13S0NBUUVBbWFXdXRNUUdVWmIzS0QyeQpqWWt4bXVNWUJESklMcjhKTDN2T0R6YUp6N2JuTXk3eWNpNVJDNjRwZWdEQVZCdTlXcDEzeEcrYnJTUDIvbnRVCjFmNnp2U3FVeGxjbUtMNW5CcGRIMmhqcjNsWjBtaUJ2WG0zRzBOSnNKTjNsK2xSdU02dG5aWmF6ZWhMN1FuN0oKSldpWnBjVURBelMrZzJrOEsxMWJGMXVVUGw5SkVqemwwRXRsNld4M0VLZDdVUVRVUk9iM0pqNHAxbys0VFlicwpTYXFXam9sN2hVM09EbDVoR3dEWkNTcVhVOTZRMTJRZEU5QVlXODdHLzBndG5xYlFMbEQvRnl0Wm9JVGcxZHhqCkdLNndWd3ZJaUZqTFB3dHE1MDd6L0h0MElScmlZYjk4M1hWai9aQkNhaldSL3hxWTJvd0VvWWpaZWFXOWlOdU4KelFmTTNRS0NBUUVBaWEyNGRoRVdDNDdPb056NmZFWDZudWlCZXNYd2gzTW9zSlFqZ0YvNi82RUtKRDViaUE3QwpkQjJaanNRNko1RmtEc0ZkZU9GWk53Y013bGY5WWpSanIyeDFQMTBkaTFVc2lacW1WUlVNYnNDM2ZZbHo3QzZtClB5dER2NU4vYjJNVWNrQzNqSGwvWnlpVmYxN1NsYTdVRXpWMHB0R29Lb3I0T2RnY3Mvb3V2N2FheGF6UTFUYmUKR1lDZjNLbzdHM1UrSEFsZUhjSFhMTklnN21tclpxMVd3eXF0UUFHdVBRZ2Z0amQ2ZHBQVHU2NVEzQWlBK0ZQZQo2K2pBVUlLZ0NrK3NnMDMwaWt2Tmt3NlVWZUFmdis5V3cxc2IvUTlXOXZ2NXpSN2RjcDgrWTFJNmlObnhVcGNnCjdONmVuQ3MyY2c1OFJDcXpBUkN2Y3pQUExobzBWMVlObFFLQ0FRRUFoY2xxOGFFbjlBcWtqS29mdzRlcXNoZFQKY3dNRDh5dzFyczlCWXlaaW1ObTdIUDdmZU4rMmlRUkhrcGJsQTJGVVJEaHh2K2dCb2c1d25kZS9keFRqb0RHQQp1SWJrNG1tY0lvbDB6Snh3UDR2dXZuU2xPZDRDV3ZJQzZidmEvV2N1UzN6STBuL0hxWmFPTk16bUZrMW5CQUtOCmV5NUZzNFBoZmFRalRkYjRQTVp3NDQ3Ym9tVTdmbCtHMytQcjJ4azJiN3ZIalVpaG5HNXNVNFVXWlhVMHFiU3kKV050T1VBcXM1c3dMeHhFYkpxejd5U3IrUGI3TEJCZU9FQmU2Zmk4YXVCRHA3T2tnU25BT1ZnYlFuNnhENUtiMgpqSHh4LzMzbEJwZmxrRDZyMWZMeXFsbnJ5ZEIxZWM0MHRNZ0ppaUlyRHluN1FnOFVzZEFHN2tBZUZsOXBudz09Ci0tLS0tRU5EIFJTQSBQUklWQVRFIEtFWS0tLS0tCg==\n    token: IJ25qeFtm1K2hDGvRmm2YAeKfv5W22hUhas97yJXV2K7TW7KQUA33f1XO8OSYHK4AFxcCdJiOXt3TWa7fXvrTMrJArFgoR28VOXrKgEOrS5IuDbX6XvG5ClAU9Y92GEc\n",
            "kubernetes_version": "1.14.6",
            "linux_profile.#": "1",
            "linux_profile.0.admin_username": "mstr_usr",
            "linux_profile.0.ssh_key.#": "1",
            "linux_profile.0.ssh_key.0.key_data": "ssh-rsa AAAAB3NzaC1yc2EAAAADAQABAAABAQC9AG7Jmk+FxirvivlOKRYYYr4QuE2His5+05S7RTrpB4wXKxsGHptdLoPgM5B+nTqf5iVgG1230v6Uxnhw1RWXLNqF0YcIbL5mzQrArI4KS2ah4MWkomtV5hGSuobOVsK+y7Gtq3XTLvJQu0mDrhWpf5YIlhS8o3VqsbJDvH+QDHgtQ+brBgZPDLjU7ZVFYJt0PFq335pKLUR/hy91y5Esaw/myWt2YYV4UaBwIA/DengKP6bhz7t5ZrvAJ5O/xT7Zdh92xi1cDIsYKbIMdAbsW098Xu+YZ1F6SqhjVO8oCkHi9PAmigXYAWffUZ05o3bRRFeMWqNH4YlkQWiXmqIJ sam_arora@cc-a12f8c07-6b5545f7f7-5hztw",
            "location": "eastus2",
            "name": "LGA-DEVOPS-AKS",
            "network_profile.#": "1",
            "network_profile.0.dns_service_ip": "10.0.0.10",
            "network_profile.0.docker_bridge_cidr": "172.17.0.1/16",
            "network_profile.0.load_balancer_sku": "Basic",
            "network_profile.0.network_plugin": "azure",
            "network_profile.0.network_policy": "",
            "network_profile.0.pod_cidr": "",
            "network_profile.0.service_cidr": "10.0.0.0/16",
            "node_resource_group": "MC_HOR-DEVOPS-AKS-RG_LGA-DEVOPS-AKS_eastus2",
            "resource_group_name": "HOR-DEVOPS-AKS-RG",
            "role_based_access_control.#": "1",
            "role_based_access_control.0.azure_active_directory.#": "0",
            "role_based_access_control.0.enabled": "false",
            "service_principal.#": "1",
            "service_principal.1957914885.client_id": "71cb4423-8d65-41c3-9fc3-0bc10e30988a",
            "service_principal.1957914885.client_secret": "",
            "tags.%": "1",
            "tags.Environment": "devops",
            "windows_profile.#": "0"
          },
          "depends_on": [
            "azurerm_resource_group.aksrg",
            "azurerm_subnet.subnet"
          ]
        }
      ]
    },
    {
      "mode": "managed",
      "type": "azurerm_resource_group",
      "name": "aksrg",
      "provider": "provider.azurerm",
      "instances": [
        {
          "schema_version": 0,
          "attributes_flat": {
            "id": "/subscriptions/0f8d7b2b-3e93-4c26-9a85-488c57fb7a94/resourceGroups/HOR-DEVOPS-AKS-RG",
            "location": "eastus2",
            "name": "HOR-DEVOPS-AKS-RG",
            "tags.%": "0"
          }
        }
      ]
    },
    {
      "mode": "managed",
      "type": "azurerm_resource_group",
      "name": "devopsrg",
      "provider": "provider.azurerm",
      "instances": [
        {
          "schema_version": 0,
          "attributes_flat": {
            "id": "/subscriptions/0f8d7b2b-3e93-4c26-9a85-488c57fb7a94/resourceGroups/HOR-DEV-NETWORK-RG",
            "location": "eastus2",
            "name": "HOR-DEV-NETWORK-RG",
            "tags.%": "0"
          }
        }
      ]
    },
    {
      "mode": "managed",
      "type": "azurerm_storage_account",
      "name": "devopsstorage",
      "provider": "provider.azurerm",
      "instances": [
        {
          "schema_version": 2,
          "attributes_flat": {
            "access_tier": "",
            "account_encryption_source": "Microsoft.Storage",
            "account_kind": "Storage",
            "account_replication_type": "GRS",
            "account_tier": "Standard",
            "account_type": "Standard_GRS",
            "enable_advanced_threat_protection": "false",
            "enable_blob_encryption": "true",
            "enable_file_encryption": "true",
            "enable_https_traffic_only": "false",
            "id": "/subscriptions/0f8d7b2b-3e93-4c26-9a85-488c57fb7a94/resourceGroups/HOR-DEV-NETWORK-RG/providers/Microsoft.Storage/storageAccounts/lgadevops",
            "identity.#": "0",
            "is_hns_enabled": "false",
            "location": "eastus2",
            "name": "lgadevops",
            "network_rules.#": "0",
            "primary_access_key": "/d3/bSzY7ykRVQ/MU1CWAeQ2wo/xcoyGP8ir4+gpVdlaUDshfvxQX3AJOwM6YnVoHt3ff9KeH8s5JRgwCUt58A==",
            "primary_blob_connection_string": "DefaultEndpointsProtocol=https;BlobEndpoint=https://lgadevops.blob.core.windows.net/;AccountName=lgadevops;AccountKey=/d3/bSzY7ykRVQ/MU1CWAeQ2wo/xcoyGP8ir4+gpVdlaUDshfvxQX3AJOwM6YnVoHt3ff9KeH8s5JRgwCUt58A==",
            "primary_blob_endpoint": "https://lgadevops.blob.core.windows.net/",
            "primary_blob_host": "lgadevops.blob.core.windows.net",
            "primary_connection_string": "DefaultEndpointsProtocol=https;AccountName=lgadevops;AccountKey=/d3/bSzY7ykRVQ/MU1CWAeQ2wo/xcoyGP8ir4+gpVdlaUDshfvxQX3AJOwM6YnVoHt3ff9KeH8s5JRgwCUt58A==;EndpointSuffix=core.windows.net",
            "primary_dfs_endpoint": "",
            "primary_dfs_host": "",
            "primary_file_endpoint": "https://lgadevops.file.core.windows.net/",
            "primary_file_host": "lgadevops.file.core.windows.net",
            "primary_location": "eastus2",
            "primary_queue_endpoint": "https://lgadevops.queue.core.windows.net/",
            "primary_queue_host": "lgadevops.queue.core.windows.net",
            "primary_table_endpoint": "https://lgadevops.table.core.windows.net/",
            "primary_table_host": "lgadevops.table.core.windows.net",
            "primary_web_endpoint": "",
            "primary_web_host": "",
            "queue_properties.#": "1",
            "queue_properties.0.cors_rule.#": "0",
            "queue_properties.0.hour_metrics.#": "1",
            "queue_properties.0.hour_metrics.0.enabled": "true",
            "queue_properties.0.hour_metrics.0.include_apis": "true",
            "queue_properties.0.hour_metrics.0.retention_policy_days": "7",
            "queue_properties.0.hour_metrics.0.version": "1.0",
            "queue_properties.0.logging.#": "1",
            "queue_properties.0.logging.0.delete": "false",
            "queue_properties.0.logging.0.read": "false",
            "queue_properties.0.logging.0.retention_policy_days": "0",
            "queue_properties.0.logging.0.version": "1.0",
            "queue_properties.0.logging.0.write": "false",
            "queue_properties.0.minute_metrics.#": "1",
            "queue_properties.0.minute_metrics.0.enabled": "false",
            "queue_properties.0.minute_metrics.0.include_apis": "false",
            "queue_properties.0.minute_metrics.0.retention_policy_days": "0",
            "queue_properties.0.minute_metrics.0.version": "1.0",
            "resource_group_name": "HOR-DEV-NETWORK-RG",
            "secondary_access_key": "Ov8w31vCvDLzGq0PdGEtynxbOFMVnwvXc0Js5uTcZOY1GvssUOnfqo5CcK0KyWYzqk7pfPFTTU+RUzdqPoPUuA==",
            "secondary_blob_connection_string": "",
            "secondary_connection_string": "DefaultEndpointsProtocol=https;AccountName=lgadevops;AccountKey=Ov8w31vCvDLzGq0PdGEtynxbOFMVnwvXc0Js5uTcZOY1GvssUOnfqo5CcK0KyWYzqk7pfPFTTU+RUzdqPoPUuA==;EndpointSuffix=core.windows.net",
            "secondary_location": "centralus",
            "tags.%": "1",
            "tags.environment": "devops"
          },
          "depends_on": [
            "azurerm_resource_group.devopsrg"
          ]
        }
      ]
    },
    {
      "mode": "managed",
      "type": "azurerm_storage_share",
      "name": "jenkinsshare",
      "provider": "provider.azurerm",
      "instances": [
        {
          "schema_version": 2,
          "attributes_flat": {
            "acl.#": "0",
            "id": "https://lgadevops.file.core.windows.net/jenkins",
            "metadata.%": "0",
            "name": "jenkins",
            "quota": "50",
            "resource_group_name": "HOR-DEV-NETWORK-RG",
            "storage_account_name": "lgadevops",
            "url": "https://lgadevops.file.core.windows.net/jenkins"
          },
          "depends_on": [
            "azurerm_storage_account.devopsstorage"
          ]
        }
      ]
    },
    {
      "mode": "managed",
      "type": "azurerm_storage_share",
      "name": "sonarshare",
      "provider": "provider.azurerm",
      "instances": [
        {
          "schema_version": 2,
          "attributes_flat": {
            "acl.#": "0",
            "id": "https://lgadevops.file.core.windows.net/sonar",
            "metadata.%": "0",
            "name": "sonar",
            "quota": "50",
            "resource_group_name": "HOR-DEV-NETWORK-RG",
            "storage_account_name": "lgadevops",
            "url": "https://lgadevops.file.core.windows.net/sonar"
          },
          "depends_on": [
            "azurerm_storage_account.devopsstorage"
          ]
        }
      ]
    },
    {
      "mode": "managed",
      "type": "azurerm_subnet",
      "name": "subnet",
      "provider": "provider.azurerm",
      "instances": [
        {
          "schema_version": 0,
          "attributes_flat": {
            "address_prefix": "10.253.8.0/21",
            "delegation.#": "0",
            "id": "/subscriptions/0f8d7b2b-3e93-4c26-9a85-488c57fb7a94/resourceGroups/HOR-DEV-NETWORK-RG/providers/Microsoft.Network/virtualNetworks/LGA-IT-HORIZON-DEV-VNET-EAST2-10.253.0.0-16/subnets/LGA-IT-HORIZON-DEV-AKSSUBNET-EAST2",
            "ip_configurations.#": "63",
            "ip_configurations.1011144542": "/subscriptions/0f8d7b2b-3e93-4c26-9a85-488c57fb7a94/resourceGroups/MC_HOR-DEVOPS-AKS-RG_LGA-DEVOPS-AKS_eastus2/providers/Microsoft.Network/networkInterfaces/aks-kslildlvak1-16113033-nic-1/ipConfigurations/ipconfig28",
            "ip_configurations.1055601329": "/subscriptions/0f8d7b2b-3e93-4c26-9a85-488c57fb7a94/resourceGroups/MC_HOR-DEVOPS-AKS-RG_LGA-DEVOPS-AKS_eastus2/providers/Microsoft.Network/networkInterfaces/aks-kslildlvak1-16113033-nic-0/ipConfigurations/ipconfig3",
            "ip_configurations.1063178156": "/subscriptions/0f8d7b2b-3e93-4c26-9a85-488c57fb7a94/resourceGroups/MC_HOR-DEVOPS-AKS-RG_LGA-DEVOPS-AKS_eastus2/providers/Microsoft.Network/networkInterfaces/aks-kslildlvak1-16113033-nic-1/ipConfigurations/ipconfig3",
            "ip_configurations.1065650079": "/subscriptions/0f8d7b2b-3e93-4c26-9a85-488c57fb7a94/resourceGroups/MC_HOR-DEVOPS-AKS-RG_LGA-DEVOPS-AKS_eastus2/providers/Microsoft.Network/networkInterfaces/aks-kslildlvak1-16113033-nic-0/ipConfigurations/ipconfig31",
            "ip_configurations.1123396579": "/subscriptions/0f8d7b2b-3e93-4c26-9a85-488c57fb7a94/resourceGroups/MC_HOR-DEVOPS-AKS-RG_LGA-DEVOPS-AKS_eastus2/providers/Microsoft.Network/networkInterfaces/aks-kslildlvak1-16113033-nic-1/ipConfigurations/ipconfig25",
            "ip_configurations.1167618042": "/subscriptions/0f8d7b2b-3e93-4c26-9a85-488c57fb7a94/resourceGroups/MC_HOR-DEVOPS-AKS-RG_LGA-DEVOPS-AKS_eastus2/providers/Microsoft.Network/networkInterfaces/aks-kslildlvak1-16113033-nic-1/ipConfigurations/ipconfig21",
            "ip_configurations.1213857594": "/subscriptions/0f8d7b2b-3e93-4c26-9a85-488c57fb7a94/resourceGroups/MC_HOR-DEVOPS-AKS-RG_LGA-DEVOPS-AKS_eastus2/providers/Microsoft.Network/networkInterfaces/aks-kslildlvak1-16113033-nic-1/ipConfigurations/ipconfig2",
            "ip_configurations.1216591625": "/subscriptions/0f8d7b2b-3e93-4c26-9a85-488c57fb7a94/resourceGroups/MC_HOR-DEVOPS-AKS-RG_LGA-DEVOPS-AKS_eastus2/providers/Microsoft.Network/networkInterfaces/aks-kslildlvak1-16113033-nic-0/ipConfigurations/ipconfig30",
            "ip_configurations.1240203815": "/subscriptions/0f8d7b2b-3e93-4c26-9a85-488c57fb7a94/resourceGroups/MC_HOR-DEVOPS-AKS-RG_LGA-DEVOPS-AKS_eastus2/providers/Microsoft.Network/networkInterfaces/aks-kslildlvak1-16113033-nic-0/ipConfigurations/ipconfig2",
            "ip_configurations.1262741448": "/subscriptions/0f8d7b2b-3e93-4c26-9a85-488c57fb7a94/resourceGroups/MC_HOR-DEVOPS-AKS-RG_LGA-DEVOPS-AKS_eastus2/providers/Microsoft.Network/networkInterfaces/aks-kslildlvak1-16113033-nic-1/ipConfigurations/ipconfig29",
            "ip_configurations.1317127742": "/subscriptions/0f8d7b2b-3e93-4c26-9a85-488c57fb7a94/resourceGroups/MC_HOR-DEVOPS-AKS-RG_LGA-DEVOPS-AKS_eastus2/providers/Microsoft.Network/networkInterfaces/aks-kslildlvak1-16113033-nic-0/ipConfigurations/ipconfig6",
            "ip_configurations.1328823075": "/subscriptions/0f8d7b2b-3e93-4c26-9a85-488c57fb7a94/resourceGroups/MC_HOR-DEVOPS-AKS-RG_LGA-DEVOPS-AKS_eastus2/providers/Microsoft.Network/networkInterfaces/aks-kslildlvak1-16113033-nic-1/ipConfigurations/ipconfig6",
            "ip_configurations.1368950344": "/subscriptions/0f8d7b2b-3e93-4c26-9a85-488c57fb7a94/resourceGroups/MC_HOR-DEVOPS-AKS-RG_LGA-DEVOPS-AKS_eastus2/providers/Microsoft.Network/networkInterfaces/aks-kslildlvak1-16113033-nic-0/ipConfigurations/ipconfig20",
            "ip_configurations.1458913873": "/subscriptions/0f8d7b2b-3e93-4c26-9a85-488c57fb7a94/resourceGroups/MC_HOR-DEVOPS-AKS-RG_LGA-DEVOPS-AKS_eastus2/providers/Microsoft.Network/networkInterfaces/aks-kslildlvak1-16113033-nic-0/ipConfigurations/ipconfig24",
            "ip_configurations.1552113339": "/subscriptions/0f8d7b2b-3e93-4c26-9a85-488c57fb7a94/resourceGroups/MC_HOR-DEVOPS-AKS-RG_LGA-DEVOPS-AKS_eastus2/providers/Microsoft.Network/networkInterfaces/aks-kslildlvak1-16113033-nic-1/ipConfigurations/ipconfig31",
            "ip_configurations.1598230138": "/subscriptions/0f8d7b2b-3e93-4c26-9a85-488c57fb7a94/resourceGroups/MC_HOR-DEVOPS-AKS-RG_LGA-DEVOPS-AKS_eastus2/providers/Microsoft.Network/networkInterfaces/aks-kslildlvak1-16113033-nic-0/ipConfigurations/ipconfig28",
            "ip_configurations.1617867787": "/subscriptions/0f8d7b2b-3e93-4c26-9a85-488c57fb7a94/resourceGroups/MC_HOR-DEVOPS-AKS-RG_LGA-DEVOPS-AKS_eastus2/providers/Microsoft.Network/networkInterfaces/aks-kslildlvak1-16113033-nic-1/ipConfigurations/ipconfig19",
            "ip_configurations.1775826976": "/subscriptions/0f8d7b2b-3e93-4c26-9a85-488c57fb7a94/resourceGroups/MC_HOR-DEVOPS-AKS-RG_LGA-DEVOPS-AKS_eastus2/providers/Microsoft.Network/networkInterfaces/aks-kslildlvak1-16113033-nic-1/ipConfigurations/ipconfig15",
            "ip_configurations.182395140": "/subscriptions/0f8d7b2b-3e93-4c26-9a85-488c57fb7a94/resourceGroups/MC_HOR-DEVOPS-AKS-RG_LGA-DEVOPS-AKS_eastus2/providers/Microsoft.Network/networkInterfaces/aks-kslildlvak1-16113033-nic-0/ipConfigurations/ipconfig15",
            "ip_configurations.1857371193": "/subscriptions/0f8d7b2b-3e93-4c26-9a85-488c57fb7a94/resourceGroups/MC_HOR-DEVOPS-AKS-RG_LGA-DEVOPS-AKS_eastus2/providers/Microsoft.Network/networkInterfaces/aks-kslildlvak1-16113033-nic-1/ipConfigurations/ipconfig11",
            "ip_configurations.1953390009": "/subscriptions/0f8d7b2b-3e93-4c26-9a85-488c57fb7a94/resourceGroups/MC_HOR-DEVOPS-AKS-RG_LGA-DEVOPS-AKS_eastus2/providers/Microsoft.Network/networkInterfaces/aks-kslildlvak1-16113033-nic-0/ipConfigurations/ipconfig18",
            "ip_configurations.2058737035": "/subscriptions/0f8d7b2b-3e93-4c26-9a85-488c57fb7a94/resourceGroups/MC_HOR-DEVOPS-AKS-RG_LGA-DEVOPS-AKS_eastus2/providers/Microsoft.Network/networkInterfaces/aks-kslildlvak1-16113033-nic-0/ipConfigurations/ipconfig10",
            "ip_configurations.2111312274": "/subscriptions/0f8d7b2b-3e93-4c26-9a85-488c57fb7a94/resourceGroups/MC_HOR-DEVOPS-AKS-RG_LGA-DEVOPS-AKS_eastus2/providers/Microsoft.Network/networkInterfaces/aks-kslildlvak1-16113033-nic-0/ipConfigurations/ipconfig14",
            "ip_configurations.2159762709": "/subscriptions/0f8d7b2b-3e93-4c26-9a85-488c57fb7a94/resourceGroups/MC_HOR-DEVOPS-AKS-RG_LGA-DEVOPS-AKS_eastus2/providers/Microsoft.Network/networkInterfaces/aks-kslildlvak1-16113033-nic-1/ipConfigurations/ipconfig13",
            "ip_configurations.2278988044": "/subscriptions/0f8d7b2b-3e93-4c26-9a85-488c57fb7a94/resourceGroups/MC_HOR-DEVOPS-AKS-RG_LGA-DEVOPS-AKS_eastus2/providers/Microsoft.Network/networkInterfaces/aks-kslildlvak1-16113033-nic-1/ipConfigurations/ipconfig17",
            "ip_configurations.229827869": "/subscriptions/0f8d7b2b-3e93-4c26-9a85-488c57fb7a94/resourceGroups/MC_HOR-DEVOPS-AKS-RG_LGA-DEVOPS-AKS_eastus2/providers/Microsoft.Network/networkInterfaces/aks-kslildlvak1-16113033-nic-0/ipConfigurations/ipconfig11",
            "ip_configurations.2480304318": "/subscriptions/0f8d7b2b-3e93-4c26-9a85-488c57fb7a94/resourceGroups/MC_HOR-DEVOPS-AKS-RG_LGA-DEVOPS-AKS_eastus2/providers/Microsoft.Network/networkInterfaces/aks-kslildlvak1-16113033-nic-0/ipConfigurations/ipconfig16",
            "ip_configurations.2495329447": "/subscriptions/0f8d7b2b-3e93-4c26-9a85-488c57fb7a94/resourceGroups/MC_HOR-DEVOPS-AKS-RG_LGA-DEVOPS-AKS_eastus2/providers/Microsoft.Network/networkInterfaces/aks-kslildlvak1-16113033-nic-0/ipConfigurations/ipconfig12",
            "ip_configurations.2693768978": "/subscriptions/0f8d7b2b-3e93-4c26-9a85-488c57fb7a94/resourceGroups/MC_HOR-DEVOPS-AKS-RG_LGA-DEVOPS-AKS_eastus2/providers/Microsoft.Network/networkInterfaces/aks-kslildlvak1-16113033-nic-0/ipConfigurations/ipconfig4",
            "ip_configurations.2704955919": "/subscriptions/0f8d7b2b-3e93-4c26-9a85-488c57fb7a94/resourceGroups/MC_HOR-DEVOPS-AKS-RG_LGA-DEVOPS-AKS_eastus2/providers/Microsoft.Network/networkInterfaces/aks-kslildlvak1-16113033-nic-1/ipConfigurations/ipconfig4",
            "ip_configurations.2827752996": "/subscriptions/0f8d7b2b-3e93-4c26-9a85-488c57fb7a94/resourceGroups/MC_HOR-DEVOPS-AKS-RG_LGA-DEVOPS-AKS_eastus2/providers/Microsoft.Network/networkInterfaces/aks-kslildlvak1-16113033-nic-1/ipConfigurations/ipconfig8",
            "ip_configurations.2839145273": "/subscriptions/0f8d7b2b-3e93-4c26-9a85-488c57fb7a94/resourceGroups/MC_HOR-DEVOPS-AKS-RG_LGA-DEVOPS-AKS_eastus2/providers/Microsoft.Network/networkInterfaces/aks-kslildlvak1-16113033-nic-0/ipConfigurations/ipconfig8",
            "ip_configurations.2878738134": "/subscriptions/0f8d7b2b-3e93-4c26-9a85-488c57fb7a94/resourceGroups/MC_HOR-DEVOPS-AKS-RG_LGA-DEVOPS-AKS_eastus2/providers/Microsoft.Network/networkInterfaces/aks-kslildlvak1-16113033-nic-1/ipConfigurations/ipconfig23",
            "ip_configurations.2902182607": "/subscriptions/0f8d7b2b-3e93-4c26-9a85-488c57fb7a94/resourceGroups/MC_HOR-DEVOPS-AKS-RG_LGA-DEVOPS-AKS_eastus2/providers/Microsoft.Network/networkInterfaces/aks-kslildlvak1-16113033-nic-1/ipConfigurations/ipconfig27",
            "ip_configurations.3103466365": "/subscriptions/0f8d7b2b-3e93-4c26-9a85-488c57fb7a94/resourceGroups/MC_HOR-DEVOPS-AKS-RG_LGA-DEVOPS-AKS_eastus2/providers/Microsoft.Network/networkInterfaces/aks-kslildlvak1-16113033-nic-0/ipConfigurations/ipconfig26",
            "ip_configurations.3214337892": "/subscriptions/0f8d7b2b-3e93-4c26-9a85-488c57fb7a94/resourceGroups/MC_HOR-DEVOPS-AKS-RG_LGA-DEVOPS-AKS_eastus2/providers/Microsoft.Network/networkInterfaces/aks-kslildlvak1-16113033-nic-0/ipConfigurations/ipconfig22",
            "ip_configurations.3365001202": "/subscriptions/0f8d7b2b-3e93-4c26-9a85-488c57fb7a94/resourceGroups/MC_HOR-DEVOPS-AKS-RG_LGA-DEVOPS-AKS_eastus2/providers/Microsoft.Network/networkInterfaces/aks-kslildlvak1-16113033-nic-0/ipConfigurations/ipconfig23",
            "ip_configurations.3489403883": "/subscriptions/0f8d7b2b-3e93-4c26-9a85-488c57fb7a94/resourceGroups/MC_HOR-DEVOPS-AKS-RG_LGA-DEVOPS-AKS_eastus2/providers/Microsoft.Network/networkInterfaces/aks-kslildlvak1-16113033-nic-0/ipConfigurations/ipconfig27",
            "ip_configurations.3504690077": "/subscriptions/0f8d7b2b-3e93-4c26-9a85-488c57fb7a94/resourceGroups/MC_HOR-DEVOPS-AKS-RG_LGA-DEVOPS-AKS_eastus2/providers/Microsoft.Network/networkInterfaces/aks-kslildlvak1-16113033-nic-0/ipConfigurations/ipconfig1",
            "ip_configurations.3511725696": "/subscriptions/0f8d7b2b-3e93-4c26-9a85-488c57fb7a94/resourceGroups/MC_HOR-DEVOPS-AKS-RG_LGA-DEVOPS-AKS_eastus2/providers/Microsoft.Network/networkInterfaces/aks-kslildlvak1-16113033-nic-1/ipConfigurations/ipconfig1",
            "ip_configurations.3594349209": "/subscriptions/0f8d7b2b-3e93-4c26-9a85-488c57fb7a94/resourceGroups/MC_HOR-DEVOPS-AKS-RG_LGA-DEVOPS-AKS_eastus2/providers/Microsoft.Network/networkInterfaces/aks-kslildlvak1-16113033-nic-1/ipConfigurations/ipconfig5",
            "ip_configurations.3616053124": "/subscriptions/0f8d7b2b-3e93-4c26-9a85-488c57fb7a94/resourceGroups/MC_HOR-DEVOPS-AKS-RG_LGA-DEVOPS-AKS_eastus2/providers/Microsoft.Network/networkInterfaces/aks-kslildlvak1-16113033-nic-0/ipConfigurations/ipconfig5",
            "ip_configurations.3690789465": "/subscriptions/0f8d7b2b-3e93-4c26-9a85-488c57fb7a94/resourceGroups/MC_HOR-DEVOPS-AKS-RG_LGA-DEVOPS-AKS_eastus2/providers/Microsoft.Network/networkInterfaces/aks-kslildlvak1-16113033-nic-1/ipConfigurations/ipconfig26",
            "ip_configurations.3700506176": "/subscriptions/0f8d7b2b-3e93-4c26-9a85-488c57fb7a94/resourceGroups/MC_HOR-DEVOPS-AKS-RG_LGA-DEVOPS-AKS_eastus2/providers/Microsoft.Network/networkInterfaces/aks-kslildlvak1-16113033-nic-1/ipConfigurations/ipconfig22",
            "ip_configurations.3728661423": "/subscriptions/0f8d7b2b-3e93-4c26-9a85-488c57fb7a94/resourceGroups/MC_HOR-DEVOPS-AKS-RG_LGA-DEVOPS-AKS_eastus2/providers/Microsoft.Network/networkInterfaces/aks-kslildlvak1-16113033-nic-0/ipConfigurations/ipconfig9",
            "ip_configurations.3750438578": "/subscriptions/0f8d7b2b-3e93-4c26-9a85-488c57fb7a94/resourceGroups/MC_HOR-DEVOPS-AKS-RG_LGA-DEVOPS-AKS_eastus2/providers/Microsoft.Network/networkInterfaces/aks-kslildlvak1-16113033-nic-1/ipConfigurations/ipconfig9",
            "ip_configurations.3820782641": "/subscriptions/0f8d7b2b-3e93-4c26-9a85-488c57fb7a94/resourceGroups/MC_HOR-DEVOPS-AKS-RG_LGA-DEVOPS-AKS_eastus2/providers/Microsoft.Network/networkInterfaces/aks-kslildlvak1-16113033-nic-0/ipConfigurations/ipconfig13",
            "ip_configurations.3838918696": "/subscriptions/0f8d7b2b-3e93-4c26-9a85-488c57fb7a94/resourceGroups/MC_HOR-DEVOPS-AKS-RG_LGA-DEVOPS-AKS_eastus2/providers/Microsoft.Network/networkInterfaces/aks-kslildlvak1-16113033-nic-0/ipConfigurations/ipconfig17",
            "ip_configurations.392791197": "/subscriptions/0f8d7b2b-3e93-4c26-9a85-488c57fb7a94/resourceGroups/MC_HOR-DEVOPS-AKS-RG_LGA-DEVOPS-AKS_eastus2/providers/Microsoft.Network/networkInterfaces/aks-kslildlvak1-16113033-nic-1/ipConfigurations/ipconfig18",
            "ip_configurations.4040272282": "/subscriptions/0f8d7b2b-3e93-4c26-9a85-488c57fb7a94/resourceGroups/MC_HOR-DEVOPS-AKS-RG_LGA-DEVOPS-AKS_eastus2/providers/Microsoft.Network/networkInterfaces/aks-kslildlvak1-16113033-nic-1/ipConfigurations/ipconfig16",
            "ip_configurations.4156321155": "/subscriptions/0f8d7b2b-3e93-4c26-9a85-488c57fb7a94/resourceGroups/MC_HOR-DEVOPS-AKS-RG_LGA-DEVOPS-AKS_eastus2/providers/Microsoft.Network/networkInterfaces/aks-kslildlvak1-16113033-nic-1/ipConfigurations/ipconfig12",
            "ip_configurations.431099055": "/subscriptions/0f8d7b2b-3e93-4c26-9a85-488c57fb7a94/resourceGroups/MC_HOR-DEVOPS-AKS-RG_LGA-DEVOPS-AKS_eastus2/providers/Microsoft.Network/networkInterfaces/aks-kslildlvak1-16113033-nic-1/ipConfigurations/ipconfig10",
            "ip_configurations.517982390": "/subscriptions/0f8d7b2b-3e93-4c26-9a85-488c57fb7a94/resourceGroups/MC_HOR-DEVOPS-AKS-RG_LGA-DEVOPS-AKS_eastus2/providers/Microsoft.Network/networkInterfaces/aks-kslildlvak1-16113033-nic-1/ipConfigurations/ipconfig14",
            "ip_configurations.569537223": "/subscriptions/0f8d7b2b-3e93-4c26-9a85-488c57fb7a94/resourceGroups/MC_HOR-DEVOPS-AKS-RG_LGA-DEVOPS-AKS_eastus2/providers/Microsoft.Network/networkInterfaces/aks-kslildlvak1-16113033-nic-0/ipConfigurations/ipconfig25",
            "ip_configurations.57240879": "/subscriptions/0f8d7b2b-3e93-4c26-9a85-488c57fb7a94/resourceGroups/MC_HOR-DEVOPS-AKS-RG_LGA-DEVOPS-AKS_eastus2/providers/Microsoft.Network/networkInterfaces/aks-kslildlvak1-16113033-nic-0/ipConfigurations/ipconfig19",
            "ip_configurations.648001246": "/subscriptions/0f8d7b2b-3e93-4c26-9a85-488c57fb7a94/resourceGroups/MC_HOR-DEVOPS-AKS-RG_LGA-DEVOPS-AKS_eastus2/providers/Microsoft.Network/networkInterfaces/aks-kslildlvak1-16113033-nic-0/ipConfigurations/ipconfig21",
            "ip_configurations.675561196": "/subscriptions/0f8d7b2b-3e93-4c26-9a85-488c57fb7a94/resourceGroups/MC_HOR-DEVOPS-AKS-RG_LGA-DEVOPS-AKS_eastus2/providers/Microsoft.Network/networkInterfaces/aks-kslildlvak1-16113033-nic-0/ipConfigurations/ipconfig29",
            "ip_configurations.730099245": "/subscriptions/0f8d7b2b-3e93-4c26-9a85-488c57fb7a94/resourceGroups/MC_HOR-DEVOPS-AKS-RG_LGA-DEVOPS-AKS_eastus2/providers/Microsoft.Network/networkInterfaces/aks-kslildlvak1-16113033-nic-1/ipConfigurations/ipconfig30",
            "ip_configurations.849305452": "/subscriptions/0f8d7b2b-3e93-4c26-9a85-488c57fb7a94/resourceGroups/MC_HOR-DEVOPS-AKS-RG_LGA-DEVOPS-AKS_eastus2/providers/Microsoft.Network/networkInterfaces/aks-kslildlvak1-16113033-nic-1/ipConfigurations/ipconfig20",
            "ip_configurations.85027489": "/subscriptions/0f8d7b2b-3e93-4c26-9a85-488c57fb7a94/resourceGroups/mc_hor-devops-aks-rg_lga-devops-aks_eastus2/providers/Microsoft.Network/loadBalancers/kubernetes-internal/frontendIPConfigurations/ae5ab5136d94b11e9a2bb9691d67e562",
            "ip_configurations.905091957": "/subscriptions/0f8d7b2b-3e93-4c26-9a85-488c57fb7a94/resourceGroups/MC_HOR-DEVOPS-AKS-RG_LGA-DEVOPS-AKS_eastus2/providers/Microsoft.Network/networkInterfaces/aks-kslildlvak1-16113033-nic-1/ipConfigurations/ipconfig24",
            "ip_configurations.942869429": "/subscriptions/0f8d7b2b-3e93-4c26-9a85-488c57fb7a94/resourceGroups/MC_HOR-DEVOPS-AKS-RG_LGA-DEVOPS-AKS_eastus2/providers/Microsoft.Network/networkInterfaces/aks-kslildlvak1-16113033-nic-1/ipConfigurations/ipconfig7",
            "ip_configurations.965146280": "/subscriptions/0f8d7b2b-3e93-4c26-9a85-488c57fb7a94/resourceGroups/MC_HOR-DEVOPS-AKS-RG_LGA-DEVOPS-AKS_eastus2/providers/Microsoft.Network/networkInterfaces/aks-kslildlvak1-16113033-nic-0/ipConfigurations/ipconfig7",
            "name": "LGA-IT-HORIZON-DEV-AKSSUBNET-EAST2",
            "network_security_group_id": "",
            "resource_group_name": "HOR-DEV-NETWORK-RG",
            "route_table_id": "",
            "service_endpoints.#": "0",
            "virtual_network_name": "LGA-IT-HORIZON-DEV-VNET-EAST2-10.253.0.0-16"
          },
          "depends_on": [
            "azurerm_resource_group.devopsrg",
            "azurerm_virtual_network.vnet"
          ]
        }
      ]
    },
    {
      "mode": "managed",
      "type": "azurerm_virtual_network",
      "name": "vnet",
      "provider": "provider.azurerm",
      "instances": [
        {
          "schema_version": 0,
          "attributes_flat": {
            "address_space.#": "1",
            "address_space.0": "10.253.0.0/16",
            "ddos_protection_plan.#": "0",
            "dns_servers.#": "2",
            "dns_servers.0": "8.8.8.8",
            "dns_servers.1": "8.8.4.4",
            "id": "/subscriptions/0f8d7b2b-3e93-4c26-9a85-488c57fb7a94/resourceGroups/HOR-DEV-NETWORK-RG/providers/Microsoft.Network/virtualNetworks/LGA-IT-HORIZON-DEV-VNET-EAST2-10.253.0.0-16",
            "location": "eastus2",
            "name": "LGA-IT-HORIZON-DEV-VNET-EAST2-10.253.0.0-16",
            "resource_group_name": "HOR-DEV-NETWORK-RG",
            "subnet.#": "2",
            "subnet.1246877394.address_prefix": "10.253.0.0/24",
            "subnet.1246877394.id": "/subscriptions/0f8d7b2b-3e93-4c26-9a85-488c57fb7a94/resourceGroups/HOR-DEV-NETWORK-RG/providers/Microsoft.Network/virtualNetworks/LGA-IT-HORIZON-DEV-VNET-EAST2-10.253.0.0-16/subnets/HOR-DEV-SUBNET-PRIV-10.253.0.0-24",
            "subnet.1246877394.name": "HOR-DEV-SUBNET-PRIV-10.253.0.0-24",
            "subnet.1246877394.security_group": "",
            "subnet.4145400742.address_prefix": "10.253.8.0/21",
            "subnet.4145400742.id": "/subscriptions/0f8d7b2b-3e93-4c26-9a85-488c57fb7a94/resourceGroups/HOR-DEV-NETWORK-RG/providers/Microsoft.Network/virtualNetworks/LGA-IT-HORIZON-DEV-VNET-EAST2-10.253.0.0-16/subnets/LGA-IT-HORIZON-DEV-AKSSUBNET-EAST2",
            "subnet.4145400742.name": "LGA-IT-HORIZON-DEV-AKSSUBNET-EAST2",
            "subnet.4145400742.security_group": "",
            "tags.%": "0"
          },
          "depends_on": [
            "azurerm_resource_group.devopsrg"
          ]
        }
      ]
    }
  ]
}

